
Microsoft Visual Studio Solution File, Format Version 12.00
# Visual Studio 2013
VisualStudioVersion = 12.0.30501.0
MinimumVisualStudioVersion = 10.0.40219.1
Project("{FAE04EC0-301F-11D3-BF4B-00C04F79EFBC}") = "01. Allocate array", "01. Allocate array\01. Allocate array.csproj", "{5DFBED32-C7BF-409F-A292-321071CAC48D}"
EndProject
Project("{FAE04EC0-301F-11D3-BF4B-00C04F79EFBC}") = "02. Compare arrays", "02. Compare arrays\02. Compare arrays.csproj", "{2C2D62EE-AC14-47D4-9490-A529EB187785}"
EndProject
Project("{FAE04EC0-301F-11D3-BF4B-00C04F79EFBC}") = "03. Compare char arrays", "03. Compare char arrays\03. Compare char arrays.csproj", "{B88549BA-3FAA-4109-AB23-06B041FB6E30}"
EndProject
Project("{FAE04EC0-301F-11D3-BF4B-00C04F79EFBC}") = "04. Maximal sequence", "04. Maximal sequence\04. Maximal sequence.csproj", "{400AA474-D3BB-49C1-8E86-EBD59C20F25C}"
EndProject
Project("{FAE04EC0-301F-11D3-BF4B-00C04F79EFBC}") = "05. Maximal increasing sequence", "05. Maximal increasing sequence\05. Maximal increasing sequence.csproj", "{A98B192C-91CC-4BE2-ABA6-12A89A33EC6E}"
EndProject
Project("{FAE04EC0-301F-11D3-BF4B-00C04F79EFBC}") = "06. Maximal K sum", "06. Maximal K sum\06. Maximal K sum.csproj", "{123AA47F-0608-460F-AAA7-52DD2637D1F6}"
EndProject
Project("{FAE04EC0-301F-11D3-BF4B-00C04F79EFBC}") = "07. Selection sort", "07. Selection sort\07. Selection sort.csproj", "{E7D17579-1815-4216-99B9-0D8679E58D3F}"
EndProject
Project("{FAE04EC0-301F-11D3-BF4B-00C04F79EFBC}") = "08. Maximal sum", "08. Maximal sum\08. Maximal sum.csproj", "{3C7F7215-C9BC-44C0-8BD9-BEFD0993EDE4}"
EndProject
Project("{FAE04EC0-301F-11D3-BF4B-00C04F79EFBC}") = "09. Frequent number", "09. Frequent number\09. Frequent number.csproj", "{1DE77E30-DCF2-4359-9060-5D0EBF1568A9}"
EndProject
Project("{FAE04EC0-301F-11D3-BF4B-00C04F79EFBC}") = "10. Find sum in array", "10. Find sum in array\10. Find sum in array.csproj", "{508B9BB6-5529-4E7F-A10B-B15556010343}"
EndProject
Project("{FAE04EC0-301F-11D3-BF4B-00C04F79EFBC}") = "12. Index of letters", "12. Index of letters\12. Index of letters.csproj", "{90017700-9409-4BB4-B390-EDEBD64A2F33}"
EndProject
Project("{FAE04EC0-301F-11D3-BF4B-00C04F79EFBC}") = "14. Quick sort", "14. Quick sort\14. Quick sort.csproj", "{BC1425AE-1390-4CA2-9FB8-A7B0A6F74E04}"
EndProject
Project("{FAE04EC0-301F-11D3-BF4B-00C04F79EFBC}") = "15. Prime numbers", "15. Prime numbers\15. Prime numbers.csproj", "{8F89550B-35B0-4689-820C-432DE8514C7D}"
EndProject
Project("{FAE04EC0-301F-11D3-BF4B-00C04F79EFBC}") = "11. Binary search", "11. Binary search\11. Binary search.csproj", "{9A204760-4695-4207-A8FE-2A9612C940ED}"
EndProject
Global
	GlobalSection(SolutionConfigurationPlatforms) = preSolution
		Debug|Any CPU = Debug|Any CPU
		Release|Any CPU = Release|Any CPU
	EndGlobalSection
	GlobalSection(ProjectConfigurationPlatforms) = postSolution
		{5DFBED32-C7BF-409F-A292-321071CAC48D}.Debug|Any CPU.ActiveCfg = Debug|Any CPU
		{5DFBED32-C7BF-409F-A292-321071CAC48D}.Debug|Any CPU.Build.0 = Debug|Any CPU
		{5DFBED32-C7BF-409F-A292-321071CAC48D}.Release|Any CPU.ActiveCfg = Release|Any CPU
		{5DFBED32-C7BF-409F-A292-321071CAC48D}.Release|Any CPU.Build.0 = Release|Any CPU
		{2C2D62EE-AC14-47D4-9490-A529EB187785}.Debug|Any CPU.ActiveCfg = Debug|Any CPU
		{2C2D62EE-AC14-47D4-9490-A529EB187785}.Debug|Any CPU.Build.0 = Debug|Any CPU
		{2C2D62EE-AC14-47D4-9490-A529EB187785}.Release|Any CPU.ActiveCfg = Release|Any CPU
		{2C2D62EE-AC14-47D4-9490-A529EB187785}.Release|Any CPU.Build.0 = Release|Any CPU
		{B88549BA-3FAA-4109-AB23-06B041FB6E30}.Debug|Any CPU.ActiveCfg = Debug|Any CPU
		{B88549BA-3FAA-4109-AB23-06B041FB6E30}.Debug|Any CPU.Build.0 = Debug|Any CPU
		{B88549BA-3FAA-4109-AB23-06B041FB6E30}.Release|Any CPU.ActiveCfg = Release|Any CPU
		{B88549BA-3FAA-4109-AB23-06B041FB6E30}.Release|Any CPU.Build.0 = Release|Any CPU
		{400AA474-D3BB-49C1-8E86-EBD59C20F25C}.Debug|Any CPU.ActiveCfg = Debug|Any CPU
		{400AA474-D3BB-49C1-8E86-EBD59C20F25C}.Debug|Any CPU.Build.0 = Debug|Any CPU
		{400AA474-D3BB-49C1-8E86-EBD59C20F25C}.Release|Any CPU.ActiveCfg = Release|Any CPU
		{400AA474-D3BB-49C1-8E86-EBD59C20F25C}.Release|Any CPU.Build.0 = Release|Any CPU
		{A98B192C-91CC-4BE2-ABA6-12A89A33EC6E}.Debug|Any CPU.ActiveCfg = Debug|Any CPU
		{A98B192C-91CC-4BE2-ABA6-12A89A33EC6E}.Debug|Any CPU.Build.0 = Debug|Any CPU
		{A98B192C-91CC-4BE2-ABA6-12A89A33EC6E}.Release|Any CPU.ActiveCfg = Release|Any CPU
		{A98B192C-91CC-4BE2-ABA6-12A89A33EC6E}.Release|Any CPU.Build.0 = Release|Any CPU
		{123AA47F-0608-460F-AAA7-52DD2637D1F6}.Debug|Any CPU.ActiveCfg = Debug|Any CPU
		{123AA47F-0608-460F-AAA7-52DD2637D1F6}.Debug|Any CPU.Build.0 = Debug|Any CPU
		{123AA47F-0608-460F-AAA7-52DD2637D1F6}.Release|Any CPU.ActiveCfg = Release|Any CPU
		{123AA47F-0608-460F-AAA7-52DD2637D1F6}.Release|Any CPU.Build.0 = Release|Any CPU
		{E7D17579-1815-4216-99B9-0D8679E58D3F}.Debug|Any CPU.ActiveCfg = Debug|Any CPU
		{E7D17579-1815-4216-99B9-0D8679E58D3F}.Debug|Any CPU.Build.0 = Debug|Any CPU
		{E7D17579-1815-4216-99B9-0D8679E58D3F}.Release|Any CPU.ActiveCfg = Release|Any CPU
		{E7D17579-1815-4216-99B9-0D8679E58D3F}.Release|Any CPU.Build.0 = Release|Any CPU
		{3C7F7215-C9BC-44C0-8BD9-BEFD0993EDE4}.Debug|Any CPU.ActiveCfg = Debug|Any CPU
		{3C7F7215-C9BC-44C0-8BD9-BEFD0993EDE4}.Debug|Any CPU.Build.0 = Debug|Any CPU
		{3C7F7215-C9BC-44C0-8BD9-BEFD0993EDE4}.Release|Any CPU.ActiveCfg = Release|Any CPU
		{3C7F7215-C9BC-44C0-8BD9-BEFD0993EDE4}.Release|Any CPU.Build.0 = Release|Any CPU
		{1DE77E30-DCF2-4359-9060-5D0EBF1568A9}.Debug|Any CPU.ActiveCfg = Debug|Any CPU
		{1DE77E30-DCF2-4359-9060-5D0EBF1568A9}.Debug|Any CPU.Build.0 = Debug|Any CPU
		{1DE77E30-DCF2-4359-9060-5D0EBF1568A9}.Release|Any CPU.ActiveCfg = Release|Any CPU
		{1DE77E30-DCF2-4359-9060-5D0EBF1568A9}.Release|Any CPU.Build.0 = Release|Any CPU
		{508B9BB6-5529-4E7F-A10B-B15556010343}.Debug|Any CPU.ActiveCfg = Debug|Any CPU
		{508B9BB6-5529-4E7F-A10B-B15556010343}.Debug|Any CPU.Build.0 = Debug|Any CPU
		{508B9BB6-5529-4E7F-A10B-B15556010343}.Release|Any CPU.ActiveCfg = Release|Any CPU
		{508B9BB6-5529-4E7F-A10B-B15556010343}.Release|Any CPU.Build.0 = Release|Any CPU
		{90017700-9409-4BB4-B390-EDEBD64A2F33}.Debug|Any CPU.ActiveCfg = Debug|Any CPU
		{90017700-9409-4BB4-B390-EDEBD64A2F33}.Debug|Any CPU.Build.0 = Debug|Any CPU
		{90017700-9409-4BB4-B390-EDEBD64A2F33}.Release|Any CPU.ActiveCfg = Release|Any CPU
		{90017700-9409-4BB4-B390-EDEBD64A2F33}.Release|Any CPU.Build.0 = Release|Any CPU
		{BC1425AE-1390-4CA2-9FB8-A7B0A6F74E04}.Debug|Any CPU.ActiveCfg = Debug|Any CPU
		{BC1425AE-1390-4CA2-9FB8-A7B0A6F74E04}.Debug|Any CPU.Build.0 = Debug|Any CPU
		{BC1425AE-1390-4CA2-9FB8-A7B0A6F74E04}.Release|Any CPU.ActiveCfg = Release|Any CPU
		{BC1425AE-1390-4CA2-9FB8-A7B0A6F74E04}.Release|Any CPU.Build.0 = Release|Any CPU
		{8F89550B-35B0-4689-820C-432DE8514C7D}.Debug|Any CPU.ActiveCfg = Debug|Any CPU
		{8F89550B-35B0-4689-820C-432DE8514C7D}.Debug|Any CPU.Build.0 = Debug|Any CPU
		{8F89550B-35B0-4689-820C-432DE8514C7D}.Release|Any CPU.ActiveCfg = Release|Any CPU
		{8F89550B-35B0-4689-820C-432DE8514C7D}.Release|Any CPU.Build.0 = Release|Any CPU
		{9A204760-4695-4207-A8FE-2A9612C940ED}.Debug|Any CPU.ActiveCfg = Debug|Any CPU
		{9A204760-4695-4207-A8FE-2A9612C940ED}.Debug|Any CPU.Build.0 = Debug|Any CPU
		{9A204760-4695-4207-A8FE-2A9612C940ED}.Release|Any CPU.ActiveCfg = Release|Any CPU
		{9A204760-4695-4207-A8FE-2A9612C940ED}.Release|Any CPU.Build.0 = Release|Any CPU
	EndGlobalSection
	GlobalSection(SolutionProperties) = preSolution
		HideSolutionNode = FALSE
	EndGlobalSection
EndGlobal
